
Microsoft Visual Studio Solution File, Format Version 12.00
# Visual Studio 14
VisualStudioVersion = 14.0.25420.1
MinimumVisualStudioVersion = 10.0.40219.1
Project("{2150E333-8FDC-42A3-9474-1A3956D46DE8}") = "src", "src", "{589522AE-7E23-4CE9-8AAC-7E611B0FF8B6}"
EndProject
Project("{2150E333-8FDC-42A3-9474-1A3956D46DE8}") = "Solution Items", "Solution Items", "{D39D438C-F628-4B9F-9EFB-78FC8806E207}"
	ProjectSection(SolutionItems) = preProject
		global.json = global.json
	EndProjectSection
EndProject
Project("{8BB2217D-0F2D-49D1-97BC-3654ED321F3B}") = "WebApiEntityFramework", "src\WebApiEntityFramework\WebApiEntityFramework.xproj", "{8EF87E31-4EC5-47F8-B1F2-9BE5B6F526C1}"
EndProject
Global
	GlobalSection(SolutionConfigurationPlatforms) = preSolution
		Debug|Any CPU = Debug|Any CPU
		Release|Any CPU = Release|Any CPU
	EndGlobalSection
	GlobalSection(ProjectConfigurationPlatforms) = postSolution
		{8EF87E31-4EC5-47F8-B1F2-9BE5B6F526C1}.Debug|Any CPU.ActiveCfg = Debug|Any CPU
		{8EF87E31-4EC5-47F8-B1F2-9BE5B6F526C1}.Debug|Any CPU.Build.0 = Debug|Any CPU
		{8EF87E31-4EC5-47F8-B1F2-9BE5B6F526C1}.Release|Any CPU.ActiveCfg = Release|Any CPU
		{8EF87E31-4EC5-47F8-B1F2-9BE5B6F526C1}.Release|Any CPU.Build.0 = Release|Any CPU
	EndGlobalSection
	GlobalSection(SolutionProperties) = preSolution
		HideSolutionNode = FALSE
	EndGlobalSection
	GlobalSection(NestedProjects) = preSolution
		{8EF87E31-4EC5-47F8-B1F2-9BE5B6F526C1} = {589522AE-7E23-4CE9-8AAC-7E611B0FF8B6}
	EndGlobalSection
EndGlobal
